
Microsoft Visual Studio Solution File, Format Version 12.00
# Visual Studio Version 16
VisualStudioVersion = 16.0.29728.190
MinimumVisualStudioVersion = 10.0.40219.1
Project("{FAE04EC0-301F-11D3-BF4B-00C04F79EFBC}") = "SelexionsWebApp", "SelexionsWebApp\SelexionsWebApp.csproj", "{EBDCCF23-5C91-403F-98CF-382E1DBD5C09}"
EndProject
Global
	GlobalSection(SolutionConfigurationPlatforms) = preSolution
		Debug|Any CPU = Debug|Any CPU
		Release|Any CPU = Release|Any CPU
	EndGlobalSection
	GlobalSection(ProjectConfigurationPlatforms) = postSolution
		{EBDCCF23-5C91-403F-98CF-382E1DBD5C09}.Debug|Any CPU.ActiveCfg = Debug|Any CPU
		{EBDCCF23-5C91-403F-98CF-382E1DBD5C09}.Debug|Any CPU.Build.0 = Debug|Any CPU
		{EBDCCF23-5C91-403F-98CF-382E1DBD5C09}.Release|Any CPU.ActiveCfg = Release|Any CPU
		{EBDCCF23-5C91-403F-98CF-382E1DBD5C09}.Release|Any CPU.Build.0 = Release|Any CPU
	EndGlobalSection
	GlobalSection(SolutionProperties) = preSolution
		HideSolutionNode = FALSE
	EndGlobalSection
	GlobalSection(ExtensibilityGlobals) = postSolution
		SolutionGuid = {BB261F41-DC21-4F9B-9F58-5A3782668C58}
	EndGlobalSection
EndGlobal
